# THIS IS AN AUTOGENERATED FILE. DO NOT EDIT THIS FILE DIRECTLY.
# yarn lockfile v1


"@opengsn/contracts@^3.0.0-beta.6":
  version "3.0.0-beta.6"
  resolved "https://registry.yarnpkg.com/@opengsn/contracts/-/contracts-3.0.0-beta.6.tgz#3455b7c249922a087422721689239a7d539d1138"
  integrity sha512-zqd7BG339Uq5bfx40CwKXr2waaJqLN9qBVllcWhKBGnkZPKR59wVIPh2zTNzvLorndMRWB3TnOQxAr6tZKjwGQ==
  dependencies:
    "@openzeppelin/contracts" "^4.2.0"

"@openzeppelin/contracts@^4.2.0":
  version "4.8.3"
  resolved "https://registry.yarnpkg.com/@openzeppelin/contracts/-/contracts-4.8.3.tgz#cbef3146bfc570849405f59cba18235da95a252a"
  integrity sha512-bQHV8R9Me8IaJoJ2vPG4rXcL7seB7YVuskr4f+f5RyOStSZetwzkWtoqDMl5erkBJy0lDRUnIR2WIkPiC0GJlg==
